
Microsoft Visual Studio Solution File, Format Version 12.00
# Visual Studio 15
VisualStudioVersion = 15.0.26430.13
MinimumVisualStudioVersion = 10.0.40219.1
Project("{FAE04EC0-301F-11D3-BF4B-00C04F79EFBC}") = "ReadApp", "ReadApp.csproj", "{FB7CC190-A78B-4132-93FC-FC823BEEA7BD}"
EndProject
Project("{FAE04EC0-301F-11D3-BF4B-00C04F79EFBC}") = "Common", "..\Common\Common.csproj", "{8ED2B540-5FC4-4114-A8FC-35F029BE763D}"
EndProject
Project("{FAE04EC0-301F-11D3-BF4B-00C04F79EFBC}") = "VoiceCommandService", "..\VoiceCommandService\VoiceCommandService.csproj", "{0790F28D-C462-4753-9E29-2FFFA4FC9294}"
EndProject
Project("{FAE04EC0-301F-11D3-BF4B-00C04F79EFBC}") = "BackgroundServices", "..\BackgroundServices\BackgroundServices.csproj", "{7688B490-0473-4AE1-8BE9-8F236504EFED}"
EndProject
Global
	GlobalSection(SolutionConfigurationPlatforms) = preSolution
		Debug|Any CPU = Debug|Any CPU
		Debug|ARM = Debug|ARM
		Debug|x64 = Debug|x64
		Debug|x86 = Debug|x86
		Release|Any CPU = Release|Any CPU
		Release|ARM = Release|ARM
		Release|x64 = Release|x64
		Release|x86 = Release|x86
	EndGlobalSection
	GlobalSection(ProjectConfigurationPlatforms) = postSolution
		{FB7CC190-A78B-4132-93FC-FC823BEEA7BD}.Debug|Any CPU.ActiveCfg = Debug|x86
		{FB7CC190-A78B-4132-93FC-FC823BEEA7BD}.Debug|ARM.ActiveCfg = Debug|ARM
		{FB7CC190-A78B-4132-93FC-FC823BEEA7BD}.Debug|ARM.Build.0 = Debug|ARM
		{FB7CC190-A78B-4132-93FC-FC823BEEA7BD}.Debug|ARM.Deploy.0 = Debug|ARM
		{FB7CC190-A78B-4132-93FC-FC823BEEA7BD}.Debug|x64.ActiveCfg = Debug|x64
		{FB7CC190-A78B-4132-93FC-FC823BEEA7BD}.Debug|x64.Build.0 = Debug|x64
		{FB7CC190-A78B-4132-93FC-FC823BEEA7BD}.Debug|x64.Deploy.0 = Debug|x64
		{FB7CC190-A78B-4132-93FC-FC823BEEA7BD}.Debug|x86.ActiveCfg = Debug|x86
		{FB7CC190-A78B-4132-93FC-FC823BEEA7BD}.Debug|x86.Build.0 = Debug|x86
		{FB7CC190-A78B-4132-93FC-FC823BEEA7BD}.Debug|x86.Deploy.0 = Debug|x86
		{FB7CC190-A78B-4132-93FC-FC823BEEA7BD}.Release|Any CPU.ActiveCfg = Release|x86
		{FB7CC190-A78B-4132-93FC-FC823BEEA7BD}.Release|ARM.ActiveCfg = Release|ARM
		{FB7CC190-A78B-4132-93FC-FC823BEEA7BD}.Release|ARM.Build.0 = Release|ARM
		{FB7CC190-A78B-4132-93FC-FC823BEEA7BD}.Release|ARM.Deploy.0 = Release|ARM
		{FB7CC190-A78B-4132-93FC-FC823BEEA7BD}.Release|x64.ActiveCfg = Release|x64
		{FB7CC190-A78B-4132-93FC-FC823BEEA7BD}.Release|x64.Build.0 = Release|x64
		{FB7CC190-A78B-4132-93FC-FC823BEEA7BD}.Release|x64.Deploy.0 = Release|x64
		{FB7CC190-A78B-4132-93FC-FC823BEEA7BD}.Release|x86.ActiveCfg = Release|x86
		{FB7CC190-A78B-4132-93FC-FC823BEEA7BD}.Release|x86.Build.0 = Release|x86
		{FB7CC190-A78B-4132-93FC-FC823BEEA7BD}.Release|x86.Deploy.0 = Release|x86
		{8ED2B540-5FC4-4114-A8FC-35F029BE763D}.Debug|Any CPU.ActiveCfg = Debug|Any CPU
		{8ED2B540-5FC4-4114-A8FC-35F029BE763D}.Debug|Any CPU.Build.0 = Debug|Any CPU
		{8ED2B540-5FC4-4114-A8FC-35F029BE763D}.Debug|ARM.ActiveCfg = Debug|ARM
		{8ED2B540-5FC4-4114-A8FC-35F029BE763D}.Debug|ARM.Build.0 = Debug|ARM
		{8ED2B540-5FC4-4114-A8FC-35F029BE763D}.Debug|x64.ActiveCfg = Debug|x64
		{8ED2B540-5FC4-4114-A8FC-35F029BE763D}.Debug|x64.Build.0 = Debug|x64
		{8ED2B540-5FC4-4114-A8FC-35F029BE763D}.Debug|x86.ActiveCfg = Debug|x86
		{8ED2B540-5FC4-4114-A8FC-35F029BE763D}.Debug|x86.Build.0 = Debug|x86
		{8ED2B540-5FC4-4114-A8FC-35F029BE763D}.Release|Any CPU.ActiveCfg = Release|Any CPU
		{8ED2B540-5FC4-4114-A8FC-35F029BE763D}.Release|Any CPU.Build.0 = Release|Any CPU
		{8ED2B540-5FC4-4114-A8FC-35F029BE763D}.Release|ARM.ActiveCfg = Release|ARM
		{8ED2B540-5FC4-4114-A8FC-35F029BE763D}.Release|ARM.Build.0 = Release|ARM
		{8ED2B540-5FC4-4114-A8FC-35F029BE763D}.Release|x64.ActiveCfg = Release|x64
		{8ED2B540-5FC4-4114-A8FC-35F029BE763D}.Release|x64.Build.0 = Release|x64
		{8ED2B540-5FC4-4114-A8FC-35F029BE763D}.Release|x86.ActiveCfg = Release|x86
		{8ED2B540-5FC4-4114-A8FC-35F029BE763D}.Release|x86.Build.0 = Release|x86
		{0790F28D-C462-4753-9E29-2FFFA4FC9294}.Debug|Any CPU.ActiveCfg = Debug|Any CPU
		{0790F28D-C462-4753-9E29-2FFFA4FC9294}.Debug|Any CPU.Build.0 = Debug|Any CPU
		{0790F28D-C462-4753-9E29-2FFFA4FC9294}.Debug|ARM.ActiveCfg = Debug|ARM
		{0790F28D-C462-4753-9E29-2FFFA4FC9294}.Debug|ARM.Build.0 = Debug|ARM
		{0790F28D-C462-4753-9E29-2FFFA4FC9294}.Debug|x64.ActiveCfg = Debug|x64
		{0790F28D-C462-4753-9E29-2FFFA4FC9294}.Debug|x64.Build.0 = Debug|x64
		{0790F28D-C462-4753-9E29-2FFFA4FC9294}.Debug|x86.ActiveCfg = Debug|x86
		{0790F28D-C462-4753-9E29-2FFFA4FC9294}.Debug|x86.Build.0 = Debug|x86
		{0790F28D-C462-4753-9E29-2FFFA4FC9294}.Release|Any CPU.ActiveCfg = Release|Any CPU
		{0790F28D-C462-4753-9E29-2FFFA4FC9294}.Release|Any CPU.Build.0 = Release|Any CPU
		{0790F28D-C462-4753-9E29-2FFFA4FC9294}.Release|ARM.ActiveCfg = Release|ARM
		{0790F28D-C462-4753-9E29-2FFFA4FC9294}.Release|ARM.Build.0 = Release|ARM
		{0790F28D-C462-4753-9E29-2FFFA4FC9294}.Release|x64.ActiveCfg = Release|x64
		{0790F28D-C462-4753-9E29-2FFFA4FC9294}.Release|x64.Build.0 = Release|x64
		{0790F28D-C462-4753-9E29-2FFFA4FC9294}.Release|x86.ActiveCfg = Release|x86
		{0790F28D-C462-4753-9E29-2FFFA4FC9294}.Release|x86.Build.0 = Release|x86
		{7688B490-0473-4AE1-8BE9-8F236504EFED}.Debug|Any CPU.ActiveCfg = Debug|Any CPU
		{7688B490-0473-4AE1-8BE9-8F236504EFED}.Debug|Any CPU.Build.0 = Debug|Any CPU
		{7688B490-0473-4AE1-8BE9-8F236504EFED}.Debug|ARM.ActiveCfg = Debug|ARM
		{7688B490-0473-4AE1-8BE9-8F236504EFED}.Debug|ARM.Build.0 = Debug|ARM
		{7688B490-0473-4AE1-8BE9-8F236504EFED}.Debug|x64.ActiveCfg = Debug|x64
		{7688B490-0473-4AE1-8BE9-8F236504EFED}.Debug|x64.Build.0 = Debug|x64
		{7688B490-0473-4AE1-8BE9-8F236504EFED}.Debug|x86.ActiveCfg = Debug|x86
		{7688B490-0473-4AE1-8BE9-8F236504EFED}.Debug|x86.Build.0 = Debug|x86
		{7688B490-0473-4AE1-8BE9-8F236504EFED}.Release|Any CPU.ActiveCfg = Release|Any CPU
		{7688B490-0473-4AE1-8BE9-8F236504EFED}.Release|Any CPU.Build.0 = Release|Any CPU
		{7688B490-0473-4AE1-8BE9-8F236504EFED}.Release|ARM.ActiveCfg = Release|ARM
		{7688B490-0473-4AE1-8BE9-8F236504EFED}.Release|ARM.Build.0 = Release|ARM
		{7688B490-0473-4AE1-8BE9-8F236504EFED}.Release|x64.ActiveCfg = Release|x64
		{7688B490-0473-4AE1-8BE9-8F236504EFED}.Release|x64.Build.0 = Release|x64
		{7688B490-0473-4AE1-8BE9-8F236504EFED}.Release|x86.ActiveCfg = Release|x86
		{7688B490-0473-4AE1-8BE9-8F236504EFED}.Release|x86.Build.0 = Release|x86
	EndGlobalSection
	GlobalSection(SolutionProperties) = preSolution
		HideSolutionNode = FALSE
	EndGlobalSection
EndGlobal
